{
  "requires": true,
  "lockfileVersion": 1,
  "dependencies": {
    "nouislider": {
      "version": "15.1.0",
      "resolved": "https://registry.npmjs.org/nouislider/-/nouislider-15.1.0.tgz",
      "integrity": "sha512-szBSnk2GsfDmytNFXNIgI4+Hd0VmOOnn4LIdafthIaS0lNFmny8EfyjcqgBoEeouyE+pfDDn0L1qloc2EnjKKA=="
    }
  }
}
